
Microsoft Visual Studio Solution File, Format Version 12.00
# Visual Studio Version 17
VisualStudioVersion = 17.7.34221.43
MinimumVisualStudioVersion = 10.0.40219.1
Project("{FAE04EC0-301F-11D3-BF4B-00C04F79EFBC}") = "Eredmeny1", "Eredmeny1.csproj", "{E597D8BC-CFEF-4A85-80B1-B393143EE6F0}"
EndProject
Global
	GlobalSection(SolutionConfigurationPlatforms) = preSolution
		Debug|Any CPU = Debug|Any CPU
		Release|Any CPU = Release|Any CPU
	EndGlobalSection
	GlobalSection(ProjectConfigurationPlatforms) = postSolution
		{E597D8BC-CFEF-4A85-80B1-B393143EE6F0}.Debug|Any CPU.ActiveCfg = Debug|Any CPU
		{E597D8BC-CFEF-4A85-80B1-B393143EE6F0}.Debug|Any CPU.Build.0 = Debug|Any CPU
		{E597D8BC-CFEF-4A85-80B1-B393143EE6F0}.Release|Any CPU.ActiveCfg = Release|Any CPU
		{E597D8BC-CFEF-4A85-80B1-B393143EE6F0}.Release|Any CPU.Build.0 = Release|Any CPU
	EndGlobalSection
	GlobalSection(SolutionProperties) = preSolution
		HideSolutionNode = FALSE
	EndGlobalSection
	GlobalSection(ExtensibilityGlobals) = postSolution
		SolutionGuid = {90DEA392-2ADE-42DA-8B44-4CB7B80F2F25}
	EndGlobalSection
EndGlobal
